
Microsoft Visual Studio Solution File, Format Version 12.00
# Visual Studio Version 17
VisualStudioVersion = 17.3.32901.215
MinimumVisualStudioVersion = 10.0.40219.1
Project("{9A19103F-16F7-4668-BE54-9A1E7A4F7556}") = "Exer3a", "Exer3a\Exer3a.csproj", "{13600722-5B81-4080-A075-77200F9B514C}"
EndProject
Project("{9A19103F-16F7-4668-BE54-9A1E7A4F7556}") = "Exer3b", "Exer3b\Exer3b.csproj", "{2CE34D30-D79F-4A18-B663-CFF13F22D84B}"
EndProject
Project("{9A19103F-16F7-4668-BE54-9A1E7A4F7556}") = "Exer3c", "Exer3c\Exer3c.csproj", "{8D3632C8-9F2C-4BBC-AA5B-13B805BAD0E9}"
EndProject
Project("{FAE04EC0-301F-11D3-BF4B-00C04F79EFBC}") = "Exer3d", "Exer3d\Exer3d.csproj", "{86BE9652-E9B6-4720-8A33-25761D62D734}"
EndProject
Project("{FAE04EC0-301F-11D3-BF4B-00C04F79EFBC}") = "Exer3e", "Exer3e\Exer3e.csproj", "{0FE70C82-C661-434C-A9E3-83E67A9D61B7}"
EndProject
Project("{FAE04EC0-301F-11D3-BF4B-00C04F79EFBC}") = "Exer3f", "Exer3f\Exer3f.csproj", "{E92628EE-63D9-431B-8124-FF51C60F77CD}"
EndProject
Project("{FAE04EC0-301F-11D3-BF4B-00C04F79EFBC}") = "Exer3g", "Exer3g\Exer3g.csproj", "{C1B0976B-0F5B-49FE-A6BE-205334218CB1}"
EndProject
Project("{FAE04EC0-301F-11D3-BF4B-00C04F79EFBC}") = "Exer3h", "Exer3h\Exer3h.csproj", "{E9A4BFD6-EC04-40F5-ADA9-A47C583F82A6}"
EndProject
Project("{2150E333-8FDC-42A3-9474-1A3956D46DE8}") = "Solution Items", "Solution Items", "{2E8C8DBB-264A-4578-9997-A8E85C7F6153}"
	ProjectSection(SolutionItems) = preProject
		.editorconfig = .editorconfig
	EndProjectSection
EndProject
Project("{FAE04EC0-301F-11D3-BF4B-00C04F79EFBC}") = "Exer3i", "Exer3i\Exer3i.csproj", "{204D81AA-D825-401D-A191-2D509B06D634}"
EndProject
Project("{FAE04EC0-301F-11D3-BF4B-00C04F79EFBC}") = "Exer3j", "Exer3j\Exer3j.csproj", "{8AC3E337-11F4-44EB-BF86-001F6115EA24}"
EndProject
Global
	GlobalSection(SolutionConfigurationPlatforms) = preSolution
		Debug|Any CPU = Debug|Any CPU
		Release|Any CPU = Release|Any CPU
	EndGlobalSection
	GlobalSection(ProjectConfigurationPlatforms) = postSolution
		{13600722-5B81-4080-A075-77200F9B514C}.Debug|Any CPU.ActiveCfg = Debug|Any CPU
		{13600722-5B81-4080-A075-77200F9B514C}.Debug|Any CPU.Build.0 = Debug|Any CPU
		{13600722-5B81-4080-A075-77200F9B514C}.Release|Any CPU.ActiveCfg = Release|Any CPU
		{13600722-5B81-4080-A075-77200F9B514C}.Release|Any CPU.Build.0 = Release|Any CPU
		{2CE34D30-D79F-4A18-B663-CFF13F22D84B}.Debug|Any CPU.ActiveCfg = Debug|Any CPU
		{2CE34D30-D79F-4A18-B663-CFF13F22D84B}.Debug|Any CPU.Build.0 = Debug|Any CPU
		{2CE34D30-D79F-4A18-B663-CFF13F22D84B}.Release|Any CPU.ActiveCfg = Release|Any CPU
		{2CE34D30-D79F-4A18-B663-CFF13F22D84B}.Release|Any CPU.Build.0 = Release|Any CPU
		{8D3632C8-9F2C-4BBC-AA5B-13B805BAD0E9}.Debug|Any CPU.ActiveCfg = Debug|Any CPU
		{8D3632C8-9F2C-4BBC-AA5B-13B805BAD0E9}.Debug|Any CPU.Build.0 = Debug|Any CPU
		{8D3632C8-9F2C-4BBC-AA5B-13B805BAD0E9}.Release|Any CPU.ActiveCfg = Release|Any CPU
		{8D3632C8-9F2C-4BBC-AA5B-13B805BAD0E9}.Release|Any CPU.Build.0 = Release|Any CPU
		{86BE9652-E9B6-4720-8A33-25761D62D734}.Debug|Any CPU.ActiveCfg = Debug|Any CPU
		{86BE9652-E9B6-4720-8A33-25761D62D734}.Debug|Any CPU.Build.0 = Debug|Any CPU
		{86BE9652-E9B6-4720-8A33-25761D62D734}.Release|Any CPU.ActiveCfg = Release|Any CPU
		{86BE9652-E9B6-4720-8A33-25761D62D734}.Release|Any CPU.Build.0 = Release|Any CPU
		{0FE70C82-C661-434C-A9E3-83E67A9D61B7}.Debug|Any CPU.ActiveCfg = Debug|Any CPU
		{0FE70C82-C661-434C-A9E3-83E67A9D61B7}.Debug|Any CPU.Build.0 = Debug|Any CPU
		{0FE70C82-C661-434C-A9E3-83E67A9D61B7}.Release|Any CPU.ActiveCfg = Release|Any CPU
		{0FE70C82-C661-434C-A9E3-83E67A9D61B7}.Release|Any CPU.Build.0 = Release|Any CPU
		{E92628EE-63D9-431B-8124-FF51C60F77CD}.Debug|Any CPU.ActiveCfg = Debug|Any CPU
		{E92628EE-63D9-431B-8124-FF51C60F77CD}.Debug|Any CPU.Build.0 = Debug|Any CPU
		{E92628EE-63D9-431B-8124-FF51C60F77CD}.Release|Any CPU.ActiveCfg = Release|Any CPU
		{E92628EE-63D9-431B-8124-FF51C60F77CD}.Release|Any CPU.Build.0 = Release|Any CPU
		{C1B0976B-0F5B-49FE-A6BE-205334218CB1}.Debug|Any CPU.ActiveCfg = Debug|Any CPU
		{C1B0976B-0F5B-49FE-A6BE-205334218CB1}.Debug|Any CPU.Build.0 = Debug|Any CPU
		{C1B0976B-0F5B-49FE-A6BE-205334218CB1}.Release|Any CPU.ActiveCfg = Release|Any CPU
		{C1B0976B-0F5B-49FE-A6BE-205334218CB1}.Release|Any CPU.Build.0 = Release|Any CPU
		{E9A4BFD6-EC04-40F5-ADA9-A47C583F82A6}.Debug|Any CPU.ActiveCfg = Debug|Any CPU
		{E9A4BFD6-EC04-40F5-ADA9-A47C583F82A6}.Debug|Any CPU.Build.0 = Debug|Any CPU
		{E9A4BFD6-EC04-40F5-ADA9-A47C583F82A6}.Release|Any CPU.ActiveCfg = Release|Any CPU
		{E9A4BFD6-EC04-40F5-ADA9-A47C583F82A6}.Release|Any CPU.Build.0 = Release|Any CPU
		{204D81AA-D825-401D-A191-2D509B06D634}.Debug|Any CPU.ActiveCfg = Debug|Any CPU
		{204D81AA-D825-401D-A191-2D509B06D634}.Debug|Any CPU.Build.0 = Debug|Any CPU
		{204D81AA-D825-401D-A191-2D509B06D634}.Release|Any CPU.ActiveCfg = Release|Any CPU
		{204D81AA-D825-401D-A191-2D509B06D634}.Release|Any CPU.Build.0 = Release|Any CPU
		{8AC3E337-11F4-44EB-BF86-001F6115EA24}.Debug|Any CPU.ActiveCfg = Debug|Any CPU
		{8AC3E337-11F4-44EB-BF86-001F6115EA24}.Debug|Any CPU.Build.0 = Debug|Any CPU
		{8AC3E337-11F4-44EB-BF86-001F6115EA24}.Release|Any CPU.ActiveCfg = Release|Any CPU
		{8AC3E337-11F4-44EB-BF86-001F6115EA24}.Release|Any CPU.Build.0 = Release|Any CPU
	EndGlobalSection
	GlobalSection(SolutionProperties) = preSolution
		HideSolutionNode = FALSE
	EndGlobalSection
	GlobalSection(ExtensibilityGlobals) = postSolution
		SolutionGuid = {BB6DC519-0992-4069-B4C9-FFC3164CA7C2}
	EndGlobalSection
EndGlobal
